
Microsoft Visual Studio Solution File, Format Version 12.00
# Visual Studio 2012
Project("{FAE04EC0-301F-11D3-BF4B-00C04F79EFBC}") = "WebApplication8", "WebApplication8\WebApplication8.csproj", "{0F8A56E0-7827-48AF-8B29-4BEBEF3F7ABD}"
EndProject
Global
	GlobalSection(SolutionConfigurationPlatforms) = preSolution
		Debug|Any CPU = Debug|Any CPU
		Release|Any CPU = Release|Any CPU
	EndGlobalSection
	GlobalSection(ProjectConfigurationPlatforms) = postSolution
		{0F8A56E0-7827-48AF-8B29-4BEBEF3F7ABD}.Debug|Any CPU.ActiveCfg = Debug|Any CPU
		{0F8A56E0-7827-48AF-8B29-4BEBEF3F7ABD}.Debug|Any CPU.Build.0 = Debug|Any CPU
		{0F8A56E0-7827-48AF-8B29-4BEBEF3F7ABD}.Release|Any CPU.ActiveCfg = Release|Any CPU
		{0F8A56E0-7827-48AF-8B29-4BEBEF3F7ABD}.Release|Any CPU.Build.0 = Release|Any CPU
	EndGlobalSection
	GlobalSection(SolutionProperties) = preSolution
		HideSolutionNode = FALSE
	EndGlobalSection
EndGlobal
